// !$*UTF8*$!
{
	archiveVersion = 1;
	classes = {
	};
	objectVersion = 50;
	objects = {

/* Begin PBXBuildFile section */
		AB526CD0268B5D5500DEC581 /* ColorConcept.storyboard in Resources */ = {isa = PBXBuildFile; fileRef = AB526CCF268B5D5500DEC581 /* ColorConcept.storyboard */; };
		AB526CD3268B5D7900DEC581 /* ThemeColor.storyboard in Resources */ = {isa = PBXBuildFile; fileRef = AB526CD2268B5D7900DEC581 /* ThemeColor.storyboard */; };
		AB526CD6268B63B100DEC581 /* ColorConceptTableViewCell.swift in Sources */ = {isa = PBXBuildFile; fileRef = AB526CD4268B63B100DEC581 /* ColorConceptTableViewCell.swift */; };
		AB526CD7268B63B100DEC581 /* ColorConceptTableViewCell.xib in Resources */ = {isa = PBXBuildFile; fileRef = AB526CD5268B63B100DEC581 /* ColorConceptTableViewCell.xib */; };
		AB526CD9268B842500DEC581 /* ColorChoicesConceptViewController.swift in Sources */ = {isa = PBXBuildFile; fileRef = AB526CD8268B842500DEC581 /* ColorChoicesConceptViewController.swift */; };
		AB526CDB268B847D00DEC581 /* ColorChoicesTileViewController.swift in Sources */ = {isa = PBXBuildFile; fileRef = AB526CDA268B847D00DEC581 /* ColorChoicesTileViewController.swift */; };
		AB526CDD268B849E00DEC581 /* ColorChoicesSliderViewController.swift in Sources */ = {isa = PBXBuildFile; fileRef = AB526CDC268B849E00DEC581 /* ColorChoicesSliderViewController.swift */; };
		AB526D11268CE55800DEC581 /* ColorSubConceptTableViewCell.swift in Sources */ = {isa = PBXBuildFile; fileRef = AB526D0F268CE55800DEC581 /* ColorSubConceptTableViewCell.swift */; };
		AB526D12268CE55800DEC581 /* ColorSubConceptTableViewCell.xib in Resources */ = {isa = PBXBuildFile; fileRef = AB526D10268CE55800DEC581 /* ColorSubConceptTableViewCell.xib */; };
		AB526D15268E497F00DEC581 /* NaturalConcept.swift in Sources */ = {isa = PBXBuildFile; fileRef = AB526D14268E497F00DEC581 /* NaturalConcept.swift */; };
		ABF935292689E25A00A3F933 /* AppDelegate.swift in Sources */ = {isa = PBXBuildFile; fileRef = ABF935282689E25A00A3F933 /* AppDelegate.swift */; };
		ABF9352B2689E25A00A3F933 /* SceneDelegate.swift in Sources */ = {isa = PBXBuildFile; fileRef = ABF9352A2689E25A00A3F933 /* SceneDelegate.swift */; };
		ABF935302689E25A00A3F933 /* Setting.storyboard in Resources */ = {isa = PBXBuildFile; fileRef = ABF9352E2689E25A00A3F933 /* Setting.storyboard */; };
		ABF935322689E25B00A3F933 /* Assets.xcassets in Resources */ = {isa = PBXBuildFile; fileRef = ABF935312689E25B00A3F933 /* Assets.xcassets */; };
		ABF935352689E25B00A3F933 /* LaunchScreen.storyboard in Resources */ = {isa = PBXBuildFile; fileRef = ABF935332689E25B00A3F933 /* LaunchScreen.storyboard */; };
		ABF9353D2689E2F900A3F933 /* ThemeColor.swift in Sources */ = {isa = PBXBuildFile; fileRef = ABF9353C2689E2F900A3F933 /* ThemeColor.swift */; };
		ABF9353F2689E32A00A3F933 /* ColorConcept.swift in Sources */ = {isa = PBXBuildFile; fileRef = ABF9353E2689E32A00A3F933 /* ColorConcept.swift */; };
		ABF935412689E35500A3F933 /* UIColor+Extension.swift in Sources */ = {isa = PBXBuildFile; fileRef = ABF935402689E35500A3F933 /* UIColor+Extension.swift */; };
		ABF93547268A01E700A3F933 /* SettingViewController.swift in Sources */ = {isa = PBXBuildFile; fileRef = ABF93546268A01E700A3F933 /* SettingViewController.swift */; };
		ABF93549268A021400A3F933 /* ThemeColorViewController.swift in Sources */ = {isa = PBXBuildFile; fileRef = ABF93548268A021400A3F933 /* ThemeColorViewController.swift */; };
		ABF9354B268A02C000A3F933 /* ColorConceptViewController.swift in Sources */ = {isa = PBXBuildFile; fileRef = ABF9354A268A02C000A3F933 /* ColorConceptViewController.swift */; };
		ABF9354D268A06EC00A3F933 /* SectionHeaderView.swift in Sources */ = {isa = PBXBuildFile; fileRef = ABF9354C268A06EC00A3F933 /* SectionHeaderView.swift */; };
		ABF9354F268A071D00A3F933 /* SectionHeaderView.xib in Resources */ = {isa = PBXBuildFile; fileRef = ABF9354E268A071D00A3F933 /* SectionHeaderView.xib */; };
		ABF93552268A0B1A00A3F933 /* CustomThemeColorTableViewCell.swift in Sources */ = {isa = PBXBuildFile; fileRef = ABF93550268A0B1A00A3F933 /* CustomThemeColorTableViewCell.swift */; };
		ABF93553268A0B1A00A3F933 /* CustomThemeColorTableViewCell.xib in Resources */ = {isa = PBXBuildFile; fileRef = ABF93551268A0B1A00A3F933 /* CustomThemeColorTableViewCell.xib */; };
/* End PBXBuildFile section */

/* Begin PBXFileReference section */
		AB526CCF268B5D5500DEC581 /* ColorConcept.storyboard */ = {isa = PBXFileReference; lastKnownFileType = file.storyboard; path = ColorConcept.storyboard; sourceTree = "<group>"; };
		AB526CD2268B5D7900DEC581 /* ThemeColor.storyboard */ = {isa = PBXFileReference; lastKnownFileType = file.storyboard; path = ThemeColor.storyboard; sourceTree = "<group>"; };
		AB526CD4268B63B100DEC581 /* ColorConceptTableViewCell.swift */ = {isa = PBXFileReference; lastKnownFileType = sourcecode.swift; path = ColorConceptTableViewCell.swift; sourceTree = "<group>"; };
		AB526CD5268B63B100DEC581 /* ColorConceptTableViewCell.xib */ = {isa = PBXFileReference; lastKnownFileType = file.xib; path = ColorConceptTableViewCell.xib; sourceTree = "<group>"; };
		AB526CD8268B842500DEC581 /* ColorChoicesConceptViewController.swift */ = {isa = PBXFileReference; lastKnownFileType = sourcecode.swift; path = ColorChoicesConceptViewController.swift; sourceTree = "<group>"; };
		AB526CDA268B847D00DEC581 /* ColorChoicesTileViewController.swift */ = {isa = PBXFileReference; lastKnownFileType = sourcecode.swift; path = ColorChoicesTileViewController.swift; sourceTree = "<group>"; };
		AB526CDC268B849E00DEC581 /* ColorChoicesSliderViewController.swift */ = {isa = PBXFileReference; lastKnownFileType = sourcecode.swift; path = ColorChoicesSliderViewController.swift; sourceTree = "<group>"; };
		AB526D0F268CE55800DEC581 /* ColorSubConceptTableViewCell.swift */ = {isa = PBXFileReference; lastKnownFileType = sourcecode.swift; path = ColorSubConceptTableViewCell.swift; sourceTree = "<group>"; };
		AB526D10268CE55800DEC581 /* ColorSubConceptTableViewCell.xib */ = {isa = PBXFileReference; lastKnownFileType = file.xib; path = ColorSubConceptTableViewCell.xib; sourceTree = "<group>"; };
		AB526D14268E497F00DEC581 /* NaturalConcept.swift */ = {isa = PBXFileReference; lastKnownFileType = sourcecode.swift; path = NaturalConcept.swift; sourceTree = "<group>"; };
		ABF935252689E25A00A3F933 /* ThemeColor-Sample.app */ = {isa = PBXFileReference; explicitFileType = wrapper.application; includeInIndex = 0; path = "ThemeColor-Sample.app"; sourceTree = BUILT_PRODUCTS_DIR; };
		ABF935282689E25A00A3F933 /* AppDelegate.swift */ = {isa = PBXFileReference; lastKnownFileType = sourcecode.swift; path = AppDelegate.swift; sourceTree = "<group>"; };
		ABF9352A2689E25A00A3F933 /* SceneDelegate.swift */ = {isa = PBXFileReference; lastKnownFileType = sourcecode.swift; path = SceneDelegate.swift; sourceTree = "<group>"; };
		ABF9352F2689E25A00A3F933 /* Base */ = {isa = PBXFileReference; lastKnownFileType = file.storyboard; name = Base; path = Base.lproj/Setting.storyboard; sourceTree = "<group>"; };
		ABF935312689E25B00A3F933 /* Assets.xcassets */ = {isa = PBXFileReference; lastKnownFileType = folder.assetcatalog; path = Assets.xcassets; sourceTree = "<group>"; };
		ABF935342689E25B00A3F933 /* Base */ = {isa = PBXFileReference; lastKnownFileType = file.storyboard; name = Base; path = Base.lproj/LaunchScreen.storyboard; sourceTree = "<group>"; };
		ABF935362689E25B00A3F933 /* Info.plist */ = {isa = PBXFileReference; lastKnownFileType = text.plist.xml; path = Info.plist; sourceTree = "<group>"; };
		ABF9353C2689E2F900A3F933 /* ThemeColor.swift */ = {isa = PBXFileReference; lastKnownFileType = sourcecode.swift; path = ThemeColor.swift; sourceTree = "<group>"; };
		ABF9353E2689E32A00A3F933 /* ColorConcept.swift */ = {isa = PBXFileReference; lastKnownFileType = sourcecode.swift; path = ColorConcept.swift; sourceTree = "<group>"; };
		ABF935402689E35500A3F933 /* UIColor+Extension.swift */ = {isa = PBXFileReference; lastKnownFileType = sourcecode.swift; path = "UIColor+Extension.swift"; sourceTree = "<group>"; };
		ABF93546268A01E700A3F933 /* SettingViewController.swift */ = {isa = PBXFileReference; lastKnownFileType = sourcecode.swift; path = SettingViewController.swift; sourceTree = "<group>"; };
		ABF93548268A021400A3F933 /* ThemeColorViewController.swift */ = {isa = PBXFileReference; lastKnownFileType = sourcecode.swift; path = ThemeColorViewController.swift; sourceTree = "<group>"; };
		ABF9354A268A02C000A3F933 /* ColorConceptViewController.swift */ = {isa = PBXFileReference; lastKnownFileType = sourcecode.swift; path = ColorConceptViewController.swift; sourceTree = "<group>"; };
		ABF9354C268A06EC00A3F933 /* SectionHeaderView.swift */ = {isa = PBXFileReference; lastKnownFileType = sourcecode.swift; path = SectionHeaderView.swift; sourceTree = "<group>"; };
		ABF9354E268A071D00A3F933 /* SectionHeaderView.xib */ = {isa = PBXFileReference; lastKnownFileType = file.xib; path = SectionHeaderView.xib; sourceTree = "<group>"; };
		ABF93550268A0B1A00A3F933 /* CustomThemeColorTableViewCell.swift */ = {isa = PBXFileReference; lastKnownFileType = sourcecode.swift; path = CustomThemeColorTableViewCell.swift; sourceTree = "<group>"; };
		ABF93551268A0B1A00A3F933 /* CustomThemeColorTableViewCell.xib */ = {isa = PBXFileReference; lastKnownFileType = file.xib; path = CustomThemeColorTableViewCell.xib; sourceTree = "<group>"; };
/* End PBXFileReference section */

/* Begin PBXFrameworksBuildPhase section */
		ABF935222689E25A00A3F933 /* Frameworks */ = {
			isa = PBXFrameworksBuildPhase;
			buildActionMask = 2147483647;
			files = (
			);
			runOnlyForDeploymentPostprocessing = 0;
		};
/* End PBXFrameworksBuildPhase section */

/* Begin PBXGroup section */
		AB526CD1268B5D5C00DEC581 /* Storyboards */ = {
			isa = PBXGroup;
			children = (
				ABF9352E2689E25A00A3F933 /* Setting.storyboard */,
				AB526CCF268B5D5500DEC581 /* ColorConcept.storyboard */,
				AB526CD2268B5D7900DEC581 /* ThemeColor.storyboard */,
			);
			path = Storyboards;
			sourceTree = "<group>";
		};
		AB526D13268CE5AA00DEC581 /* Cells */ = {
			isa = PBXGroup;
			children = (
				ABF9354C268A06EC00A3F933 /* SectionHeaderView.swift */,
				ABF9354E268A071D00A3F933 /* SectionHeaderView.xib */,
				ABF93550268A0B1A00A3F933 /* CustomThemeColorTableViewCell.swift */,
				ABF93551268A0B1A00A3F933 /* CustomThemeColorTableViewCell.xib */,
				AB526CD4268B63B100DEC581 /* ColorConceptTableViewCell.swift */,
				AB526CD5268B63B100DEC581 /* ColorConceptTableViewCell.xib */,
				AB526D0F268CE55800DEC581 /* ColorSubConceptTableViewCell.swift */,
				AB526D10268CE55800DEC581 /* ColorSubConceptTableViewCell.xib */,
			);
			path = Cells;
			sourceTree = "<group>";
		};
		ABF9351C2689E25A00A3F933 = {
			isa = PBXGroup;
			children = (
				ABF935272689E25A00A3F933 /* ThemeColor-Sample */,
				ABF935262689E25A00A3F933 /* Products */,
			);
			sourceTree = "<group>";
		};
		ABF935262689E25A00A3F933 /* Products */ = {
			isa = PBXGroup;
			children = (
				ABF935252689E25A00A3F933 /* ThemeColor-Sample.app */,
			);
			name = Products;
			sourceTree = "<group>";
		};
		ABF935272689E25A00A3F933 /* ThemeColor-Sample */ = {
			isa = PBXGroup;
			children = (
				ABF935422689E3DC00A3F933 /* Extensions */,
				ABF935442689E3EE00A3F933 /* Models */,
				ABF935452689E3FD00A3F933 /* Views */,
				ABF935432689E3E000A3F933 /* Controllers */,
				ABF935282689E25A00A3F933 /* AppDelegate.swift */,
				ABF9352A2689E25A00A3F933 /* SceneDelegate.swift */,
				ABF935312689E25B00A3F933 /* Assets.xcassets */,
				ABF935332689E25B00A3F933 /* LaunchScreen.storyboard */,
				ABF935362689E25B00A3F933 /* Info.plist */,
			);
			path = "ThemeColor-Sample";
			sourceTree = "<group>";
		};
		ABF935422689E3DC00A3F933 /* Extensions */ = {
			isa = PBXGroup;
			children = (
				ABF935402689E35500A3F933 /* UIColor+Extension.swift */,
			);
			path = Extensions;
			sourceTree = "<group>";
		};
		ABF935432689E3E000A3F933 /* Controllers */ = {
			isa = PBXGroup;
			children = (
				ABF93546268A01E700A3F933 /* SettingViewController.swift */,
				ABF9354A268A02C000A3F933 /* ColorConceptViewController.swift */,
				ABF93548268A021400A3F933 /* ThemeColorViewController.swift */,
				AB526CD8268B842500DEC581 /* ColorChoicesConceptViewController.swift */,
				AB526CDA268B847D00DEC581 /* ColorChoicesTileViewController.swift */,
				AB526CDC268B849E00DEC581 /* ColorChoicesSliderViewController.swift */,
			);
			path = Controllers;
			sourceTree = "<group>";
		};
		ABF935442689E3EE00A3F933 /* Models */ = {
			isa = PBXGroup;
			children = (
				ABF9353C2689E2F900A3F933 /* ThemeColor.swift */,
				ABF9353E2689E32A00A3F933 /* ColorConcept.swift */,
				AB526D14268E497F00DEC581 /* NaturalConcept.swift */,
			);
			path = Models;
			sourceTree = "<group>";
		};
		ABF935452689E3FD00A3F933 /* Views */ = {
			isa = PBXGroup;
			children = (
				AB526CD1268B5D5C00DEC581 /* Storyboards */,
				AB526D13268CE5AA00DEC581 /* Cells */,
			);
			path = Views;
			sourceTree = "<group>";
		};
/* End PBXGroup section */

/* Begin PBXNativeTarget section */
		ABF935242689E25A00A3F933 /* ThemeColor-Sample */ = {
			isa = PBXNativeTarget;
			buildConfigurationList = ABF935392689E25B00A3F933 /* Build configuration list for PBXNativeTarget "ThemeColor-Sample" */;
			buildPhases = (
				ABF935212689E25A00A3F933 /* Sources */,
				ABF935222689E25A00A3F933 /* Frameworks */,
				ABF935232689E25A00A3F933 /* Resources */,
			);
			buildRules = (
			);
			dependencies = (
			);
			name = "ThemeColor-Sample";
			productName = "ThemeColor-Sample";
			productReference = ABF935252689E25A00A3F933 /* ThemeColor-Sample.app */;
			productType = "com.apple.product-type.application";
		};
/* End PBXNativeTarget section */

/* Begin PBXProject section */
		ABF9351D2689E25A00A3F933 /* Project object */ = {
			isa = PBXProject;
			attributes = {
				LastSwiftUpdateCheck = 1250;
				LastUpgradeCheck = 1250;
				TargetAttributes = {
					ABF935242689E25A00A3F933 = {
						CreatedOnToolsVersion = 12.5.1;
					};
				};
			};
			buildConfigurationList = ABF935202689E25A00A3F933 /* Build configuration list for PBXProject "ThemeColor-Sample" */;
			compatibilityVersion = "Xcode 9.3";
			developmentRegion = en;
			hasScannedForEncodings = 0;
			knownRegions = (
				en,
				Base,
			);
			mainGroup = ABF9351C2689E25A00A3F933;
			productRefGroup = ABF935262689E25A00A3F933 /* Products */;
			projectDirPath = "";
			projectRoot = "";
			targets = (
				ABF935242689E25A00A3F933 /* ThemeColor-Sample */,
			);
		};
/* End PBXProject section */

/* Begin PBXResourcesBuildPhase section */
		ABF935232689E25A00A3F933 /* Resources */ = {
			isa = PBXResourcesBuildPhase;
			buildActionMask = 2147483647;
			files = (
				ABF93553268A0B1A00A3F933 /* CustomThemeColorTableViewCell.xib in Resources */,
				AB526CD3268B5D7900DEC581 /* ThemeColor.storyboard in Resources */,
				ABF935352689E25B00A3F933 /* LaunchScreen.storyboard in Resources */,
				ABF935322689E25B00A3F933 /* Assets.xcassets in Resources */,
				AB526CD7268B63B100DEC581 /* ColorConceptTableViewCell.xib in Resources */,
				AB526CD0268B5D5500DEC581 /* ColorConcept.storyboard in Resources */,
				AB526D12268CE55800DEC581 /* ColorSubConceptTableViewCell.xib in Resources */,
				ABF935302689E25A00A3F933 /* Setting.storyboard in Resources */,
				ABF9354F268A071D00A3F933 /* SectionHeaderView.xib in Resources */,
			);
			runOnlyForDeploymentPostprocessing = 0;
		};
/* End PBXResourcesBuildPhase section */

/* Begin PBXSourcesBuildPhase section */
		ABF935212689E25A00A3F933 /* Sources */ = {
			isa = PBXSourcesBuildPhase;
			buildActionMask = 2147483647;
			files = (
				ABF9354B268A02C000A3F933 /* ColorConceptViewController.swift in Sources */,
				ABF9353D2689E2F900A3F933 /* ThemeColor.swift in Sources */,
				AB526D15268E497F00DEC581 /* NaturalConcept.swift in Sources */,
				AB526CDD268B849E00DEC581 /* ColorChoicesSliderViewController.swift in Sources */,
				AB526CD9268B842500DEC581 /* ColorChoicesConceptViewController.swift in Sources */,
				ABF93549268A021400A3F933 /* ThemeColorViewController.swift in Sources */,
				AB526D11268CE55800DEC581 /* ColorSubConceptTableViewCell.swift in Sources */,
				ABF935292689E25A00A3F933 /* AppDelegate.swift in Sources */,
				ABF9354D268A06EC00A3F933 /* SectionHeaderView.swift in Sources */,
				ABF935412689E35500A3F933 /* UIColor+Extension.swift in Sources */,
				AB526CDB268B847D00DEC581 /* ColorChoicesTileViewController.swift in Sources */,
				ABF93552268A0B1A00A3F933 /* CustomThemeColorTableViewCell.swift in Sources */,
				AB526CD6268B63B100DEC581 /* ColorConceptTableViewCell.swift in Sources */,
				ABF9353F2689E32A00A3F933 /* ColorConcept.swift in Sources */,
				ABF93547268A01E700A3F933 /* SettingViewController.swift in Sources */,
				ABF9352B2689E25A00A3F933 /* SceneDelegate.swift in Sources */,
			);
			runOnlyForDeploymentPostprocessing = 0;
		};
/* End PBXSourcesBuildPhase section */

/* Begin PBXVariantGroup section */
		ABF9352E2689E25A00A3F933 /* Setting.storyboard */ = {
			isa = PBXVariantGroup;
			children = (
				ABF9352F2689E25A00A3F933 /* Base */,
			);
			name = Setting.storyboard;
			sourceTree = "<group>";
		};
		ABF935332689E25B00A3F933 /* LaunchScreen.storyboard */ = {
			isa = PBXVariantGroup;
			children = (
				ABF935342689E25B00A3F933 /* Base */,
			);
			name = LaunchScreen.storyboard;
			sourceTree = "<group>";
		};
/* End PBXVariantGroup section */

/* Begin XCBuildConfiguration section */
		ABF935372689E25B00A3F933 /* Debug */ = {
			isa = XCBuildConfiguration;
			buildSettings = {
				ALWAYS_SEARCH_USER_PATHS = NO;
				CLANG_ANALYZER_NONNULL = YES;
				CLANG_ANALYZER_NUMBER_OBJECT_CONVERSION = YES_AGGRESSIVE;
				CLANG_CXX_LANGUAGE_STANDARD = "gnu++14";
				CLANG_CXX_LIBRARY = "libc++";
				CLANG_ENABLE_MODULES = YES;
				CLANG_ENABLE_OBJC_ARC = YES;
				CLANG_ENABLE_OBJC_WEAK = YES;
				CLANG_WARN_BLOCK_CAPTURE_AUTORELEASING = YES;
				CLANG_WARN_BOOL_CONVERSION = YES;
				CLANG_WARN_COMMA = YES;
				CLANG_WARN_CONSTANT_CONVERSION = YES;
				CLANG_WARN_DEPRECATED_OBJC_IMPLEMENTATIONS = YES;
				CLANG_WARN_DIRECT_OBJC_ISA_USAGE = YES_ERROR;
				CLANG_WARN_DOCUMENTATION_COMMENTS = YES;
				CLANG_WARN_EMPTY_BODY = YES;
				CLANG_WARN_ENUM_CONVERSION = YES;
				CLANG_WARN_INFINITE_RECURSION = YES;
				CLANG_WARN_INT_CONVERSION = YES;
				CLANG_WARN_NON_LITERAL_NULL_CONVERSION = YES;
				CLANG_WARN_OBJC_IMPLICIT_RETAIN_SELF = YES;
				CLANG_WARN_OBJC_LITERAL_CONVERSION = YES;
				CLANG_WARN_OBJC_ROOT_CLASS = YES_ERROR;
				CLANG_WARN_QUOTED_INCLUDE_IN_FRAMEWORK_HEADER = YES;
				CLANG_WARN_RANGE_LOOP_ANALYSIS = YES;
				CLANG_WARN_STRICT_PROTOTYPES = YES;
				CLANG_WARN_SUSPICIOUS_MOVE = YES;
				CLANG_WARN_UNGUARDED_AVAILABILITY = YES_AGGRESSIVE;
				CLANG_WARN_UNREACHABLE_CODE = YES;
				CLANG_WARN__DUPLICATE_METHOD_MATCH = YES;
				COPY_PHASE_STRIP = NO;
				DEBUG_INFORMATION_FORMAT = dwarf;
				ENABLE_STRICT_OBJC_MSGSEND = YES;
				ENABLE_TESTABILITY = YES;
				GCC_C_LANGUAGE_STANDARD = gnu11;
				GCC_DYNAMIC_NO_PIC = NO;
				GCC_NO_COMMON_BLOCKS = YES;
				GCC_OPTIMIZATION_LEVEL = 0;
				GCC_PREPROCESSOR_DEFINITIONS = (
					"DEBUG=1",
					"$(inherited)",
				);
				GCC_WARN_64_TO_32_BIT_CONVERSION = YES;
				GCC_WARN_ABOUT_RETURN_TYPE = YES_ERROR;
				GCC_WARN_UNDECLARED_SELECTOR = YES;
				GCC_WARN_UNINITIALIZED_AUTOS = YES_AGGRESSIVE;
				GCC_WARN_UNUSED_FUNCTION = YES;
				GCC_WARN_UNUSED_VARIABLE = YES;
				IPHONEOS_DEPLOYMENT_TARGET = 14.5;
				MTL_ENABLE_DEBUG_INFO = INCLUDE_SOURCE;
				MTL_FAST_MATH = YES;
				ONLY_ACTIVE_ARCH = YES;
				SDKROOT = iphoneos;
				SWIFT_ACTIVE_COMPILATION_CONDITIONS = DEBUG;
				SWIFT_OPTIMIZATION_LEVEL = "-Onone";
			};
			name = Debug;
		};
		ABF935382689E25B00A3F933 /* Release */ = {
			isa = XCBuildConfiguration;
			buildSettings = {
				ALWAYS_SEARCH_USER_PATHS = NO;
				CLANG_ANALYZER_NONNULL = YES;
				CLANG_ANALYZER_NUMBER_OBJECT_CONVERSION = YES_AGGRESSIVE;
				CLANG_CXX_LANGUAGE_STANDARD = "gnu++14";
				CLANG_CXX_LIBRARY = "libc++";
				CLANG_ENABLE_MODULES = YES;
				CLANG_ENABLE_OBJC_ARC = YES;
				CLANG_ENABLE_OBJC_WEAK = YES;
				CLANG_WARN_BLOCK_CAPTURE_AUTORELEASING = YES;
				CLANG_WARN_BOOL_CONVERSION = YES;
				CLANG_WARN_COMMA = YES;
				CLANG_WARN_CONSTANT_CONVERSION = YES;
				CLANG_WARN_DEPRECATED_OBJC_IMPLEMENTATIONS = YES;
				CLANG_WARN_DIRECT_OBJC_ISA_USAGE = YES_ERROR;
				CLANG_WARN_DOCUMENTATION_COMMENTS = YES;
				CLANG_WARN_EMPTY_BODY = YES;
				CLANG_WARN_ENUM_CONVERSION = YES;
				CLANG_WARN_INFINITE_RECURSION = YES;
				CLANG_WARN_INT_CONVERSION = YES;
				CLANG_WARN_NON_LITERAL_NULL_CONVERSION = YES;
				CLANG_WARN_OBJC_IMPLICIT_RETAIN_SELF = YES;
				CLANG_WARN_OBJC_LITERAL_CONVERSION = YES;
				CLANG_WARN_OBJC_ROOT_CLASS = YES_ERROR;
				CLANG_WARN_QUOTED_INCLUDE_IN_FRAMEWORK_HEADER = YES;
				CLANG_WARN_RANGE_LOOP_ANALYSIS = YES;
				CLANG_WARN_STRICT_PROTOTYPES = YES;
				CLANG_WARN_SUSPICIOUS_MOVE = YES;
				CLANG_WARN_UNGUARDED_AVAILABILITY = YES_AGGRESSIVE;
				CLANG_WARN_UNREACHABLE_CODE = YES;
				CLANG_WARN__DUPLICATE_METHOD_MATCH = YES;
				COPY_PHASE_STRIP = NO;
				DEBUG_INFORMATION_FORMAT = "dwarf-with-dsym";
				ENABLE_NS_ASSERTIONS = NO;
				ENABLE_STRICT_OBJC_MSGSEND = YES;
				GCC_C_LANGUAGE_STANDARD = gnu11;
				GCC_NO_COMMON_BLOCKS = YES;
				GCC_WARN_64_TO_32_BIT_CONVERSION = YES;
				GCC_WARN_ABOUT_RETURN_TYPE = YES_ERROR;
				GCC_WARN_UNDECLARED_SELECTOR = YES;
				GCC_WARN_UNINITIALIZED_AUTOS = YES_AGGRESSIVE;
				GCC_WARN_UNUSED_FUNCTION = YES;
				GCC_WARN_UNUSED_VARIABLE = YES;
				IPHONEOS_DEPLOYMENT_TARGET = 14.5;
				MTL_ENABLE_DEBUG_INFO = NO;
				MTL_FAST_MATH = YES;
				SDKROOT = iphoneos;
				SWIFT_COMPILATION_MODE = wholemodule;
				SWIFT_OPTIMIZATION_LEVEL = "-O";
				VALIDATE_PRODUCT = YES;
			};
			name = Release;
		};
		ABF9353A2689E25B00A3F933 /* Debug */ = {
			isa = XCBuildConfiguration;
			buildSettings = {
				ASSETCATALOG_COMPILER_APPICON_NAME = AppIcon;
				ASSETCATALOG_COMPILER_GLOBAL_ACCENT_COLOR_NAME = AccentColor;
				CODE_SIGN_STYLE = Automatic;
				DEVELOPMENT_TEAM = 242KS3V77L;
				INFOPLIST_FILE = "ThemeColor-Sample/Info.plist";
				LD_RUNPATH_SEARCH_PATHS = (
					"$(inherited)",
					"@executable_path/Frameworks",
				);
				PRODUCT_BUNDLE_IDENTIFIER = "oonishireon.ThemeColor-Sample";
				PRODUCT_NAME = "$(TARGET_NAME)";
				SWIFT_VERSION = 5.0;
				TARGETED_DEVICE_FAMILY = "1,2";
			};
			name = Debug;
		};
		ABF9353B2689E25B00A3F933 /* Release */ = {
			isa = XCBuildConfiguration;
			buildSettings = {
				ASSETCATALOG_COMPILER_APPICON_NAME = AppIcon;
				ASSETCATALOG_COMPILER_GLOBAL_ACCENT_COLOR_NAME = AccentColor;
				CODE_SIGN_STYLE = Automatic;
				DEVELOPMENT_TEAM = 242KS3V77L;
				INFOPLIST_FILE = "ThemeColor-Sample/Info.plist";
				LD_RUNPATH_SEARCH_PATHS = (
					"$(inherited)",
					"@executable_path/Frameworks",
				);
				PRODUCT_BUNDLE_IDENTIFIER = "oonishireon.ThemeColor-Sample";
				PRODUCT_NAME = "$(TARGET_NAME)";
				SWIFT_VERSION = 5.0;
				TARGETED_DEVICE_FAMILY = "1,2";
			};
			name = Release;
		};
/* End XCBuildConfiguration section */

/* Begin XCConfigurationList section */
		ABF935202689E25A00A3F933 /* Build configuration list for PBXProject "ThemeColor-Sample" */ = {
			isa = XCConfigurationList;
			buildConfigurations = (
				ABF935372689E25B00A3F933 /* Debug */,
				ABF935382689E25B00A3F933 /* Release */,
			);
			defaultConfigurationIsVisible = 0;
			defaultConfigurationName = Release;
		};
		ABF935392689E25B00A3F933 /* Build configuration list for PBXNativeTarget "ThemeColor-Sample" */ = {
			isa = XCConfigurationList;
			buildConfigurations = (
				ABF9353A2689E25B00A3F933 /* Debug */,
				ABF9353B2689E25B00A3F933 /* Release */,
			);
			defaultConfigurationIsVisible = 0;
			defaultConfigurationName = Release;
		};
/* End XCConfigurationList section */
	};
	rootObject = ABF9351D2689E25A00A3F933 /* Project object */;
}
